// !$*UTF8*$!
{
	archiveVersion = 1;
	classes = {
	};
	objectVersion = 46;
	objects = {

/* Begin PBXBuildFile section */
		11308D211A3AD61F008BCF71 /* main.m in Sources */ = {isa = PBXBuildFile; fileRef = 11308D201A3AD61F008BCF71 /* main.m */; };
		11308D241A3AD61F008BCF71 /* AppDelegate.m in Sources */ = {isa = PBXBuildFile; fileRef = 11308D231A3AD61F008BCF71 /* AppDelegate.m */; };
		11308D271A3AD61F008BCF71 /* ViewController.m in Sources */ = {isa = PBXBuildFile; fileRef = 11308D261A3AD61F008BCF71 /* ViewController.m */; };
		11308D2A1A3AD61F008BCF71 /* Main.storyboard in Resources */ = {isa = PBXBuildFile; fileRef = 11308D281A3AD61F008BCF71 /* Main.storyboard */; };
		11308D2C1A3AD61F008BCF71 /* Images.xcassets in Resources */ = {isa = PBXBuildFile; fileRef = 11308D2B1A3AD61F008BCF71 /* Images.xcassets */; };
		11308D2F1A3AD61F008BCF71 /* LaunchScreen.xib in Resources */ = {isa = PBXBuildFile; fileRef = 11308D2D1A3AD61F008BCF71 /* LaunchScreen.xib */; };
		11308D3B1A3AD61F008BCF71 /* ZCSHandednessExampleTests.m in Sources */ = {isa = PBXBuildFile; fileRef = 11308D3A1A3AD61F008BCF71 /* ZCSHandednessExampleTests.m */; };
/* End PBXBuildFile section */

/* Begin PBXContainerItemProxy section */
		11308D351A3AD61F008BCF71 /* PBXContainerItemProxy */ = {
			isa = PBXContainerItemProxy;
			containerPortal = 11308D131A3AD61F008BCF71 /* Project object */;
			proxyType = 1;
			remoteGlobalIDString = 11308D1A1A3AD61F008BCF71;
			remoteInfo = ZCSHandednessExample;
		};
/* End PBXContainerItemProxy section */

/* Begin PBXFileReference section */
		11308D1B1A3AD61F008BCF71 /* ZCSHandednessExample.app */ = {isa = PBXFileReference; explicitFileType = wrapper.application; includeInIndex = 0; path = ZCSHandednessExample.app; sourceTree = BUILT_PRODUCTS_DIR; };
		11308D1F1A3AD61F008BCF71 /* Info.plist */ = {isa = PBXFileReference; lastKnownFileType = text.plist.xml; path = Info.plist; sourceTree = "<group>"; };
		11308D201A3AD61F008BCF71 /* main.m */ = {isa = PBXFileReference; lastKnownFileType = sourcecode.c.objc; path = main.m; sourceTree = "<group>"; };
		11308D221A3AD61F008BCF71 /* AppDelegate.h */ = {isa = PBXFileReference; lastKnownFileType = sourcecode.c.h; path = AppDelegate.h; sourceTree = "<group>"; };
		11308D231A3AD61F008BCF71 /* AppDelegate.m */ = {isa = PBXFileReference; lastKnownFileType = sourcecode.c.objc; path = AppDelegate.m; sourceTree = "<group>"; };
		11308D251A3AD61F008BCF71 /* ViewController.h */ = {isa = PBXFileReference; lastKnownFileType = sourcecode.c.h; path = ViewController.h; sourceTree = "<group>"; };
		11308D261A3AD61F008BCF71 /* ViewController.m */ = {isa = PBXFileReference; lastKnownFileType = sourcecode.c.objc; path = ViewController.m; sourceTree = "<group>"; };
		11308D291A3AD61F008BCF71 /* Base */ = {isa = PBXFileReference; lastKnownFileType = file.storyboard; name = Base; path = Base.lproj/Main.storyboard; sourceTree = "<group>"; };
		11308D2B1A3AD61F008BCF71 /* Images.xcassets */ = {isa = PBXFileReference; lastKnownFileType = folder.assetcatalog; path = Images.xcassets; sourceTree = "<group>"; };
		11308D2E1A3AD61F008BCF71 /* Base */ = {isa = PBXFileReference; lastKnownFileType = file.xib; name = Base; path = Base.lproj/LaunchScreen.xib; sourceTree = "<group>"; };
		11308D341A3AD61F008BCF71 /* ZCSHandednessExampleTests.xctest */ = {isa = PBXFileReference; explicitFileType = wrapper.cfbundle; includeInIndex = 0; path = ZCSHandednessExampleTests.xctest; sourceTree = BUILT_PRODUCTS_DIR; };
		11308D391A3AD61F008BCF71 /* Info.plist */ = {isa = PBXFileReference; lastKnownFileType = text.plist.xml; path = Info.plist; sourceTree = "<group>"; };
		11308D3A1A3AD61F008BCF71 /* ZCSHandednessExampleTests.m */ = {isa = PBXFileReference; lastKnownFileType = sourcecode.c.objc; path = ZCSHandednessExampleTests.m; sourceTree = "<group>"; };
/* End PBXFileReference section */

/* Begin PBXFrameworksBuildPhase section */
		11308D181A3AD61F008BCF71 /* Frameworks */ = {
			isa = PBXFrameworksBuildPhase;
			buildActionMask = 2147483647;
			files = (
			);
			runOnlyForDeploymentPostprocessing = 0;
		};
		11308D311A3AD61F008BCF71 /* Frameworks */ = {
			isa = PBXFrameworksBuildPhase;
			buildActionMask = 2147483647;
			files = (
			);
			runOnlyForDeploymentPostprocessing = 0;
		};
/* End PBXFrameworksBuildPhase section */

/* Begin PBXGroup section */
		11308D121A3AD61F008BCF71 = {
			isa = PBXGroup;
			children = (
				11308D1D1A3AD61F008BCF71 /* ZCSHandednessExample */,
				11308D371A3AD61F008BCF71 /* ZCSHandednessExampleTests */,
				11308D1C1A3AD61F008BCF71 /* Products */,
			);
			sourceTree = "<group>";
		};
		11308D1C1A3AD61F008BCF71 /* Products */ = {
			isa = PBXGroup;
			children = (
				11308D1B1A3AD61F008BCF71 /* ZCSHandednessExample.app */,
				11308D341A3AD61F008BCF71 /* ZCSHandednessExampleTests.xctest */,
			);
			name = Products;
			sourceTree = "<group>";
		};
		11308D1D1A3AD61F008BCF71 /* ZCSHandednessExample */ = {
			isa = PBXGroup;
			children = (
				11308D221A3AD61F008BCF71 /* AppDelegate.h */,
				11308D231A3AD61F008BCF71 /* AppDelegate.m */,
				11308D251A3AD61F008BCF71 /* ViewController.h */,
				11308D261A3AD61F008BCF71 /* ViewController.m */,
				11308D281A3AD61F008BCF71 /* Main.storyboard */,
				11308D2B1A3AD61F008BCF71 /* Images.xcassets */,
				11308D2D1A3AD61F008BCF71 /* LaunchScreen.xib */,
				11308D1E1A3AD61F008BCF71 /* Supporting Files */,
			);
			path = ZCSHandednessExample;
			sourceTree = "<group>";
		};
		11308D1E1A3AD61F008BCF71 /* Supporting Files */ = {
			isa = PBXGroup;
			children = (
				11308D1F1A3AD61F008BCF71 /* Info.plist */,
				11308D201A3AD61F008BCF71 /* main.m */,
			);
			name = "Supporting Files";
			sourceTree = "<group>";
		};
		11308D371A3AD61F008BCF71 /* ZCSHandednessExampleTests */ = {
			isa = PBXGroup;
			children = (
				11308D3A1A3AD61F008BCF71 /* ZCSHandednessExampleTests.m */,
				11308D381A3AD61F008BCF71 /* Supporting Files */,
			);
			path = ZCSHandednessExampleTests;
			sourceTree = "<group>";
		};
		11308D381A3AD61F008BCF71 /* Supporting Files */ = {
			isa = PBXGroup;
			children = (
				11308D391A3AD61F008BCF71 /* Info.plist */,
			);
			name = "Supporting Files";
			sourceTree = "<group>";
		};
/* End PBXGroup section */

/* Begin PBXNativeTarget section */
		11308D1A1A3AD61F008BCF71 /* ZCSHandednessExample */ = {
			isa = PBXNativeTarget;
			buildConfigurationList = 11308D3E1A3AD61F008BCF71 /* Build configuration list for PBXNativeTarget "ZCSHandednessExample" */;
			buildPhases = (
				11308D171A3AD61F008BCF71 /* Sources */,
				11308D181A3AD61F008BCF71 /* Frameworks */,
				11308D191A3AD61F008BCF71 /* Resources */,
			);
			buildRules = (
			);
			dependencies = (
			);
			name = ZCSHandednessExample;
			productName = ZCSHandednessExample;
			productReference = 11308D1B1A3AD61F008BCF71 /* ZCSHandednessExample.app */;
			productType = "com.apple.product-type.application";
		};
		11308D331A3AD61F008BCF71 /* ZCSHandednessExampleTests */ = {
			isa = PBXNativeTarget;
			buildConfigurationList = 11308D411A3AD61F008BCF71 /* Build configuration list for PBXNativeTarget "ZCSHandednessExampleTests" */;
			buildPhases = (
				11308D301A3AD61F008BCF71 /* Sources */,
				11308D311A3AD61F008BCF71 /* Frameworks */,
				11308D321A3AD61F008BCF71 /* Resources */,
			);
			buildRules = (
			);
			dependencies = (
				11308D361A3AD61F008BCF71 /* PBXTargetDependency */,
			);
			name = ZCSHandednessExampleTests;
			productName = ZCSHandednessExampleTests;
			productReference = 11308D341A3AD61F008BCF71 /* ZCSHandednessExampleTests.xctest */;
			productType = "com.apple.product-type.bundle.unit-test";
		};
/* End PBXNativeTarget section */

/* Begin PBXProject section */
		11308D131A3AD61F008BCF71 /* Project object */ = {
			isa = PBXProject;
			attributes = {
				LastUpgradeCheck = 0610;
				ORGANIZATIONNAME = "Zane Shannon";
				TargetAttributes = {
					11308D1A1A3AD61F008BCF71 = {
						CreatedOnToolsVersion = 6.1.1;
					};
					11308D331A3AD61F008BCF71 = {
						CreatedOnToolsVersion = 6.1.1;
						TestTargetID = 11308D1A1A3AD61F008BCF71;
					};
				};
			};
			buildConfigurationList = 11308D161A3AD61F008BCF71 /* Build configuration list for PBXProject "ZCSHandednessExample" */;
			compatibilityVersion = "Xcode 3.2";
			developmentRegion = English;
			hasScannedForEncodings = 0;
			knownRegions = (
				en,
				Base,
			);
			mainGroup = 11308D121A3AD61F008BCF71;
			productRefGroup = 11308D1C1A3AD61F008BCF71 /* Products */;
			projectDirPath = "";
			projectRoot = "";
			targets = (
				11308D1A1A3AD61F008BCF71 /* ZCSHandednessExample */,
				11308D331A3AD61F008BCF71 /* ZCSHandednessExampleTests */,
			);
		};
/* End PBXProject section */

/* Begin PBXResourcesBuildPhase section */
		11308D191A3AD61F008BCF71 /* Resources */ = {
			isa = PBXResourcesBuildPhase;
			buildActionMask = 2147483647;
			files = (
				11308D2A1A3AD61F008BCF71 /* Main.storyboard in Resources */,
				11308D2F1A3AD61F008BCF71 /* LaunchScreen.xib in Resources */,
				11308D2C1A3AD61F008BCF71 /* Images.xcassets in Resources */,
			);
			runOnlyForDeploymentPostprocessing = 0;
		};
		11308D321A3AD61F008BCF71 /* Resources */ = {
			isa = PBXResourcesBuildPhase;
			buildActionMask = 2147483647;
			files = (
			);
			runOnlyForDeploymentPostprocessing = 0;
		};
/* End PBXResourcesBuildPhase section */

/* Begin PBXSourcesBuildPhase section */
		11308D171A3AD61F008BCF71 /* Sources */ = {
			isa = PBXSourcesBuildPhase;
			buildActionMask = 2147483647;
			files = (
				11308D271A3AD61F008BCF71 /* ViewController.m in Sources */,
				11308D241A3AD61F008BCF71 /* AppDelegate.m in Sources */,
				11308D211A3AD61F008BCF71 /* main.m in Sources */,
			);
			runOnlyForDeploymentPostprocessing = 0;
		};
		11308D301A3AD61F008BCF71 /* Sources */ = {
			isa = PBXSourcesBuildPhase;
			buildActionMask = 2147483647;
			files = (
				11308D3B1A3AD61F008BCF71 /* ZCSHandednessExampleTests.m in Sources */,
			);
			runOnlyForDeploymentPostprocessing = 0;
		};
/* End PBXSourcesBuildPhase section */

/* Begin PBXTargetDependency section */
		11308D361A3AD61F008BCF71 /* PBXTargetDependency */ = {
			isa = PBXTargetDependency;
			target = 11308D1A1A3AD61F008BCF71 /* ZCSHandednessExample */;
			targetProxy = 11308D351A3AD61F008BCF71 /* PBXContainerItemProxy */;
		};
/* End PBXTargetDependency section */

/* Begin PBXVariantGroup section */
		11308D281A3AD61F008BCF71 /* Main.storyboard */ = {
			isa = PBXVariantGroup;
			children = (
				11308D291A3AD61F008BCF71 /* Base */,
			);
			name = Main.storyboard;
			sourceTree = "<group>";
		};
		11308D2D1A3AD61F008BCF71 /* LaunchScreen.xib */ = {
			isa = PBXVariantGroup;
			children = (
				11308D2E1A3AD61F008BCF71 /* Base */,
			);
			name = LaunchScreen.xib;
			sourceTree = "<group>";
		};
/* End PBXVariantGroup section */

/* Begin XCBuildConfiguration section */
		11308D3C1A3AD61F008BCF71 /* Debug */ = {
			isa = XCBuildConfiguration;
			buildSettings = {
				ALWAYS_SEARCH_USER_PATHS = NO;
				CLANG_CXX_LANGUAGE_STANDARD = "gnu++0x";
				CLANG_CXX_LIBRARY = "libc++";
				CLANG_ENABLE_MODULES = YES;
				CLANG_ENABLE_OBJC_ARC = YES;
				CLANG_WARN_BOOL_CONVERSION = YES;
				CLANG_WARN_CONSTANT_CONVERSION = YES;
				CLANG_WARN_DIRECT_OBJC_ISA_USAGE = YES_ERROR;
				CLANG_WARN_EMPTY_BODY = YES;
				CLANG_WARN_ENUM_CONVERSION = YES;
				CLANG_WARN_INT_CONVERSION = YES;
				CLANG_WARN_OBJC_ROOT_CLASS = YES_ERROR;
				CLANG_WARN_UNREACHABLE_CODE = YES;
				CLANG_WARN__DUPLICATE_METHOD_MATCH = YES;
				"CODE_SIGN_IDENTITY[sdk=iphoneos*]" = "iPhone Developer";
				COPY_PHASE_STRIP = NO;
				ENABLE_STRICT_OBJC_MSGSEND = YES;
				GCC_C_LANGUAGE_STANDARD = gnu99;
				GCC_DYNAMIC_NO_PIC = NO;
				GCC_OPTIMIZATION_LEVEL = 0;
				GCC_PREPROCESSOR_DEFINITIONS = (
					"DEBUG=1",
					"$(inherited)",
				);
				GCC_SYMBOLS_PRIVATE_EXTERN = NO;
				GCC_WARN_64_TO_32_BIT_CONVERSION = YES;
				GCC_WARN_ABOUT_RETURN_TYPE = YES_ERROR;
				GCC_WARN_UNDECLARED_SELECTOR = YES;
				GCC_WARN_UNINITIALIZED_AUTOS = YES_AGGRESSIVE;
				GCC_WARN_UNUSED_FUNCTION = YES;
				GCC_WARN_UNUSED_VARIABLE = YES;
				IPHONEOS_DEPLOYMENT_TARGET = 8.1;
				MTL_ENABLE_DEBUG_INFO = YES;
				ONLY_ACTIVE_ARCH = YES;
				SDKROOT = iphoneos;
				TARGETED_DEVICE_FAMILY = "1,2";
			};
			name = Debug;
		};
		11308D3D1A3AD61F008BCF71 /* Release */ = {
			isa = XCBuildConfiguration;
			buildSettings = {
				ALWAYS_SEARCH_USER_PATHS = NO;
				CLANG_CXX_LANGUAGE_STANDARD = "gnu++0x";
				CLANG_CXX_LIBRARY = "libc++";
				CLANG_ENABLE_MODULES = YES;
				CLANG_ENABLE_OBJC_ARC = YES;
				CLANG_WARN_BOOL_CONVERSION = YES;
				CLANG_WARN_CONSTANT_CONVERSION = YES;
				CLANG_WARN_DIRECT_OBJC_ISA_USAGE = YES_ERROR;
				CLANG_WARN_EMPTY_BODY = YES;
				CLANG_WARN_ENUM_CONVERSION = YES;
				CLANG_WARN_INT_CONVERSION = YES;
				CLANG_WARN_OBJC_ROOT_CLASS = YES_ERROR;
				CLANG_WARN_UNREACHABLE_CODE = YES;
				CLANG_WARN__DUPLICATE_METHOD_MATCH = YES;
				"CODE_SIGN_IDENTITY[sdk=iphoneos*]" = "iPhone Developer";
				COPY_PHASE_STRIP = YES;
				ENABLE_NS_ASSERTIONS = NO;
				ENABLE_STRICT_OBJC_MSGSEND = YES;
				GCC_C_LANGUAGE_STANDARD = gnu99;
				GCC_WARN_64_TO_32_BIT_CONVERSION = YES;
				GCC_WARN_ABOUT_RETURN_TYPE = YES_ERROR;
				GCC_WARN_UNDECLARED_SELECTOR = YES;
				GCC_WARN_UNINITIALIZED_AUTOS = YES_AGGRESSIVE;
				GCC_WARN_UNUSED_FUNCTION = YES;
				GCC_WARN_UNUSED_VARIABLE = YES;
				IPHONEOS_DEPLOYMENT_TARGET = 8.1;
				MTL_ENABLE_DEBUG_INFO = NO;
				SDKROOT = iphoneos;
				TARGETED_DEVICE_FAMILY = "1,2";
				VALIDATE_PRODUCT = YES;
			};
			name = Release;
		};
		11308D3F1A3AD61F008BCF71 /* Debug */ = {
			isa = XCBuildConfiguration;
			buildSettings = {
				ASSETCATALOG_COMPILER_APPICON_NAME = AppIcon;
				INFOPLIST_FILE = ZCSHandednessExample/Info.plist;
				LD_RUNPATH_SEARCH_PATHS = "$(inherited) @executable_path/Frameworks";
				PRODUCT_NAME = "$(TARGET_NAME)";
			};
			name = Debug;
		};
		11308D401A3AD61F008BCF71 /* Release */ = {
			isa = XCBuildConfiguration;
			buildSettings = {
				ASSETCATALOG_COMPILER_APPICON_NAME = AppIcon;
				INFOPLIST_FILE = ZCSHandednessExample/Info.plist;
				LD_RUNPATH_SEARCH_PATHS = "$(inherited) @executable_path/Frameworks";
				PRODUCT_NAME = "$(TARGET_NAME)";
			};
			name = Release;
		};
		11308D421A3AD61F008BCF71 /* Debug */ = {
			isa = XCBuildConfiguration;
			buildSettings = {
				BUNDLE_LOADER = "$(TEST_HOST)";
				FRAMEWORK_SEARCH_PATHS = (
					"$(SDKROOT)/Developer/Library/Frameworks",
					"$(inherited)",
				);
				GCC_PREPROCESSOR_DEFINITIONS = (
					"DEBUG=1",
					"$(inherited)",
				);
				INFOPLIST_FILE = ZCSHandednessExampleTests/Info.plist;
				LD_RUNPATH_SEARCH_PATHS = "$(inherited) @executable_path/Frameworks @loader_path/Frameworks";
				PRODUCT_NAME = "$(TARGET_NAME)";
				TEST_HOST = "$(BUILT_PRODUCTS_DIR)/ZCSHandednessExample.app/ZCSHandednessExample";
			};
			name = Debug;
		};
		11308D431A3AD61F008BCF71 /* Release */ = {
			isa = XCBuildConfiguration;
			buildSettings = {
				BUNDLE_LOADER = "$(TEST_HOST)";
				FRAMEWORK_SEARCH_PATHS = (
					"$(SDKROOT)/Developer/Library/Frameworks",
					"$(inherited)",
				);
				INFOPLIST_FILE = ZCSHandednessExampleTests/Info.plist;
				LD_RUNPATH_SEARCH_PATHS = "$(inherited) @executable_path/Frameworks @loader_path/Frameworks";
				PRODUCT_NAME = "$(TARGET_NAME)";
				TEST_HOST = "$(BUILT_PRODUCTS_DIR)/ZCSHandednessExample.app/ZCSHandednessExample";
			};
			name = Release;
		};
/* End XCBuildConfiguration section */

/* Begin XCConfigurationList section */
		11308D161A3AD61F008BCF71 /* Build configuration list for PBXProject "ZCSHandednessExample" */ = {
			isa = XCConfigurationList;
			buildConfigurations = (
				11308D3C1A3AD61F008BCF71 /* Debug */,
				11308D3D1A3AD61F008BCF71 /* Release */,
			);
			defaultConfigurationIsVisible = 0;
			defaultConfigurationName = Release;
		};
		11308D3E1A3AD61F008BCF71 /* Build configuration list for PBXNativeTarget "ZCSHandednessExample" */ = {
			isa = XCConfigurationList;
			buildConfigurations = (
				11308D3F1A3AD61F008BCF71 /* Debug */,
				11308D401A3AD61F008BCF71 /* Release */,
			);
			defaultConfigurationIsVisible = 0;
		};
		11308D411A3AD61F008BCF71 /* Build configuration list for PBXNativeTarget "ZCSHandednessExampleTests" */ = {
			isa = XCConfigurationList;
			buildConfigurations = (
				11308D421A3AD61F008BCF71 /* Debug */,
				11308D431A3AD61F008BCF71 /* Release */,
			);
			defaultConfigurationIsVisible = 0;
		};
/* End XCConfigurationList section */
	};
	rootObject = 11308D131A3AD61F008BCF71 /* Project object */;
}
